github.com/juannjuu/go-module-test v1.0.0 h1:fy0mrq2mmdQhaGsZjXg9U9vQHH4GerEmwOXnt4Ix/os=
github.com/juannjuu/go-module-test v1.0.0/go.mod h1:2Vl6Vu1qroeo2Ms1AGDE7JJPiVaInS3P7qmsUtcqYlg=
github.com/juannjuu/go-module-test v1.2.0 h1:5THIfy2DqRmueT6siNCsCgLT3xIIzF23R+/WHvCJ8Qc=
github.com/juannjuu/go-module-test v1.2.0/go.mod h1:2Vl6Vu1qroeo2Ms1AGDE7JJPiVaInS3P7qmsUtcqYlg=
github.com/juannjuu/go-module-test/v2 v2.0.0 h1:5eor34L1vzobKFwu0d36xbbTKvqh+9B9aDfvMYtcwEs=
github.com/juannjuu/go-module-test/v2 v2.0.0/go.mod h1:BGsDeIJC9ze23VkVKXb4p+5LENx1KIhwI8Y2WFGpGWQ=
